
Microsoft Visual Studio Solution File, Format Version 12.00
# Visual Studio Version 16
VisualStudioVersion = 16.0.33130.400
MinimumVisualStudioVersion = 10.0.40219.1
Project("{FAE04EC0-301F-11D3-BF4B-00C04F79EFBC}") = "WebApiCore", "WebApiCore\WebApiCore.csproj", "{3C5BB9BC-1A60-4508-B0FB-CEBED1BCF785}"
EndProject
Global
	GlobalSection(SolutionConfigurationPlatforms) = preSolution
		Debug|Any CPU = Debug|Any CPU
		Release|Any CPU = Release|Any CPU
	EndGlobalSection
	GlobalSection(ProjectConfigurationPlatforms) = postSolution
		{3C5BB9BC-1A60-4508-B0FB-CEBED1BCF785}.Debug|Any CPU.ActiveCfg = Debug|Any CPU
		{3C5BB9BC-1A60-4508-B0FB-CEBED1BCF785}.Debug|Any CPU.Build.0 = Debug|Any CPU
		{3C5BB9BC-1A60-4508-B0FB-CEBED1BCF785}.Release|Any CPU.ActiveCfg = Release|Any CPU
		{3C5BB9BC-1A60-4508-B0FB-CEBED1BCF785}.Release|Any CPU.Build.0 = Release|Any CPU
	EndGlobalSection
	GlobalSection(SolutionProperties) = preSolution
		HideSolutionNode = FALSE
	EndGlobalSection
	GlobalSection(ExtensibilityGlobals) = postSolution
		SolutionGuid = {D5475216-FF76-4868-8966-98E1E4D76FD0}
	EndGlobalSection
EndGlobal
